
Microsoft Visual Studio Solution File, Format Version 12.00
# Visual Studio Version 17
VisualStudioVersion = 17.0.31903.59
MinimumVisualStudioVersion = 10.0.40219.1
Project("{2150E333-8FDC-42A3-9474-1A3956D46DE8}") = "src", "src", "{827E0CD3-B72D-47B6-A68D-7590B98EB39B}"
EndProject
Project("{FAE04EC0-301F-11D3-BF4B-00C04F79EFBC}") = "Shared", "src\Shared\Shared.csproj", "{44A1BC88-DAA2-41D3-ADA5-20D78198D207}"
EndProject
Project("{FAE04EC0-301F-11D3-BF4B-00C04F79EFBC}") = "Web", "src\Web\Web.csproj", "{5E8DA733-7CE8-41E9-B24D-4F58423963EA}"
EndProject
Project("{2150E333-8FDC-42A3-9474-1A3956D46DE8}") = "tests", "tests", "{0AB3BF05-4346-4AA6-1389-037BE0695223}"
EndProject
Project("{FAE04EC0-301F-11D3-BF4B-00C04F79EFBC}") = "Web.Tests", "tests\Web.Tests\Web.Tests.csproj", "{EECC2782-16C9-4BB4-9153-FBFB5DE545F6}"
EndProject
Global
	GlobalSection(SolutionConfigurationPlatforms) = preSolution
		Debug|Any CPU = Debug|Any CPU
		Debug|x64 = Debug|x64
		Debug|x86 = Debug|x86
		Release|Any CPU = Release|Any CPU
		Release|x64 = Release|x64
		Release|x86 = Release|x86
	EndGlobalSection
	GlobalSection(ProjectConfigurationPlatforms) = postSolution
		{44A1BC88-DAA2-41D3-ADA5-20D78198D207}.Debug|Any CPU.ActiveCfg = Debug|Any CPU
		{44A1BC88-DAA2-41D3-ADA5-20D78198D207}.Debug|Any CPU.Build.0 = Debug|Any CPU
		{44A1BC88-DAA2-41D3-ADA5-20D78198D207}.Debug|x64.ActiveCfg = Debug|Any CPU
		{44A1BC88-DAA2-41D3-ADA5-20D78198D207}.Debug|x64.Build.0 = Debug|Any CPU
		{44A1BC88-DAA2-41D3-ADA5-20D78198D207}.Debug|x86.ActiveCfg = Debug|Any CPU
		{44A1BC88-DAA2-41D3-ADA5-20D78198D207}.Debug|x86.Build.0 = Debug|Any CPU
		{44A1BC88-DAA2-41D3-ADA5-20D78198D207}.Release|Any CPU.ActiveCfg = Release|Any CPU
		{44A1BC88-DAA2-41D3-ADA5-20D78198D207}.Release|Any CPU.Build.0 = Release|Any CPU
		{44A1BC88-DAA2-41D3-ADA5-20D78198D207}.Release|x64.ActiveCfg = Release|Any CPU
		{44A1BC88-DAA2-41D3-ADA5-20D78198D207}.Release|x64.Build.0 = Release|Any CPU
		{44A1BC88-DAA2-41D3-ADA5-20D78198D207}.Release|x86.ActiveCfg = Release|Any CPU
		{44A1BC88-DAA2-41D3-ADA5-20D78198D207}.Release|x86.Build.0 = Release|Any CPU
		{5E8DA733-7CE8-41E9-B24D-4F58423963EA}.Debug|Any CPU.ActiveCfg = Debug|Any CPU
		{5E8DA733-7CE8-41E9-B24D-4F58423963EA}.Debug|Any CPU.Build.0 = Debug|Any CPU
		{5E8DA733-7CE8-41E9-B24D-4F58423963EA}.Debug|x64.ActiveCfg = Debug|Any CPU
		{5E8DA733-7CE8-41E9-B24D-4F58423963EA}.Debug|x64.Build.0 = Debug|Any CPU
		{5E8DA733-7CE8-41E9-B24D-4F58423963EA}.Debug|x86.ActiveCfg = Debug|Any CPU
		{5E8DA733-7CE8-41E9-B24D-4F58423963EA}.Debug|x86.Build.0 = Debug|Any CPU
		{5E8DA733-7CE8-41E9-B24D-4F58423963EA}.Release|Any CPU.ActiveCfg = Release|Any CPU
		{5E8DA733-7CE8-41E9-B24D-4F58423963EA}.Release|Any CPU.Build.0 = Release|Any CPU
		{5E8DA733-7CE8-41E9-B24D-4F58423963EA}.Release|x64.ActiveCfg = Release|Any CPU
		{5E8DA733-7CE8-41E9-B24D-4F58423963EA}.Release|x64.Build.0 = Release|Any CPU
		{5E8DA733-7CE8-41E9-B24D-4F58423963EA}.Release|x86.ActiveCfg = Release|Any CPU
		{5E8DA733-7CE8-41E9-B24D-4F58423963EA}.Release|x86.Build.0 = Release|Any CPU
		{EECC2782-16C9-4BB4-9153-FBFB5DE545F6}.Debug|Any CPU.ActiveCfg = Debug|Any CPU
		{EECC2782-16C9-4BB4-9153-FBFB5DE545F6}.Debug|Any CPU.Build.0 = Debug|Any CPU
		{EECC2782-16C9-4BB4-9153-FBFB5DE545F6}.Debug|x64.ActiveCfg = Debug|Any CPU
		{EECC2782-16C9-4BB4-9153-FBFB5DE545F6}.Debug|x64.Build.0 = Debug|Any CPU
		{EECC2782-16C9-4BB4-9153-FBFB5DE545F6}.Debug|x86.ActiveCfg = Debug|Any CPU
		{EECC2782-16C9-4BB4-9153-FBFB5DE545F6}.Debug|x86.Build.0 = Debug|Any CPU
		{EECC2782-16C9-4BB4-9153-FBFB5DE545F6}.Release|Any CPU.ActiveCfg = Release|Any CPU
		{EECC2782-16C9-4BB4-9153-FBFB5DE545F6}.Release|Any CPU.Build.0 = Release|Any CPU
		{EECC2782-16C9-4BB4-9153-FBFB5DE545F6}.Release|x64.ActiveCfg = Release|Any CPU
		{EECC2782-16C9-4BB4-9153-FBFB5DE545F6}.Release|x64.Build.0 = Release|Any CPU
		{EECC2782-16C9-4BB4-9153-FBFB5DE545F6}.Release|x86.ActiveCfg = Release|Any CPU
		{EECC2782-16C9-4BB4-9153-FBFB5DE545F6}.Release|x86.Build.0 = Release|Any CPU
	EndGlobalSection
	GlobalSection(SolutionProperties) = preSolution
		HideSolutionNode = FALSE
	EndGlobalSection
	GlobalSection(NestedProjects) = preSolution
		{44A1BC88-DAA2-41D3-ADA5-20D78198D207} = {827E0CD3-B72D-47B6-A68D-7590B98EB39B}
		{5E8DA733-7CE8-41E9-B24D-4F58423963EA} = {827E0CD3-B72D-47B6-A68D-7590B98EB39B}
		{EECC2782-16C9-4BB4-9153-FBFB5DE545F6} = {0AB3BF05-4346-4AA6-1389-037BE0695223}
	EndGlobalSection
EndGlobal
